
Microsoft Visual Studio Solution File, Format Version 12.00
# Visual Studio 2017
Project("{FAE04EC0-301F-11D3-BF4B-00C04F79EFBC}") = "MOUVEMENTSVR", "MOUVEMENTSVR.csproj", "{9520AD11-5435-00D7-13C9-C3412A239EA1}"
EndProject
Project("{FAE04EC0-301F-11D3-BF4B-00C04F79EFBC}") = "MOUVEMENTSVR.Editor", "MOUVEMENTSVR.Editor.csproj", "{68585665-99C2-1500-41B4-CB7EF93D8FE7}"
EndProject
Global
	GlobalSection(SolutionConfigurationPlatforms) = preSolution
		Debug|Any CPU = Debug|Any CPU
		Release|Any CPU = Release|Any CPU
	EndGlobalSection
	GlobalSection(ProjectConfigurationPlatforms) = postSolution
		{9520AD11-5435-00D7-13C9-C3412A239EA1}.Debug|Any CPU.ActiveCfg = Debug|Any CPU
		{9520AD11-5435-00D7-13C9-C3412A239EA1}.Debug|Any CPU.Build.0 = Debug|Any CPU
		{9520AD11-5435-00D7-13C9-C3412A239EA1}.Release|Any CPU.ActiveCfg = Release|Any CPU
		{9520AD11-5435-00D7-13C9-C3412A239EA1}.Release|Any CPU.Build.0 = Release|Any CPU
		{68585665-99C2-1500-41B4-CB7EF93D8FE7}.Debug|Any CPU.ActiveCfg = Debug|Any CPU
		{68585665-99C2-1500-41B4-CB7EF93D8FE7}.Debug|Any CPU.Build.0 = Debug|Any CPU
		{68585665-99C2-1500-41B4-CB7EF93D8FE7}.Release|Any CPU.ActiveCfg = Release|Any CPU
		{68585665-99C2-1500-41B4-CB7EF93D8FE7}.Release|Any CPU.Build.0 = Release|Any CPU
	EndGlobalSection
	GlobalSection(SolutionProperties) = preSolution
		HideSolutionNode = FALSE
	EndGlobalSection
EndGlobal
